
Microsoft Visual Studio Solution File, Format Version 12.00
# Visual Studio 15
VisualStudioVersion = 15.0.28307.271
MinimumVisualStudioVersion = 10.0.40219.1
Project("{9A19103F-16F7-4668-BE54-9A1E7A4F7556}") = "Realmdigital Interview", "Realmdigital Interview\Realmdigital Interview.csproj", "{B8989A41-4738-4774-85CD-4B66F2E774E9}"
EndProject
Project("{2150E333-8FDC-42A3-9474-1A3956D46DE8}") = "Realmdigital.Interview.Api", "Realmdigital.Interview.Api", "{36EE0F3C-C4CA-4CCF-ABA6-CE0BCD34FA25}"
EndProject
Project("{2150E333-8FDC-42A3-9474-1A3956D46DE8}") = "Realmdigital.Interview.Domain", "Realmdigital.Interview.Domain", "{7E34459B-BFF0-4486-BE39-F6B0F07FB0FF}"
EndProject
Project("{2150E333-8FDC-42A3-9474-1A3956D46DE8}") = "Realmdigital.Interview.Tests", "Realmdigital.Interview.Tests", "{CFC72BA4-5B2B-4E81-B464-5D3F4E934182}"
EndProject
Global
	GlobalSection(SolutionConfigurationPlatforms) = preSolution
		Debug|Any CPU = Debug|Any CPU
		Release|Any CPU = Release|Any CPU
	EndGlobalSection
	GlobalSection(ProjectConfigurationPlatforms) = postSolution
		{B8989A41-4738-4774-85CD-4B66F2E774E9}.Debug|Any CPU.ActiveCfg = Debug|Any CPU
		{B8989A41-4738-4774-85CD-4B66F2E774E9}.Debug|Any CPU.Build.0 = Debug|Any CPU
		{B8989A41-4738-4774-85CD-4B66F2E774E9}.Release|Any CPU.ActiveCfg = Release|Any CPU
		{B8989A41-4738-4774-85CD-4B66F2E774E9}.Release|Any CPU.Build.0 = Release|Any CPU
	EndGlobalSection
	GlobalSection(SolutionProperties) = preSolution
		HideSolutionNode = FALSE
	EndGlobalSection
	GlobalSection(NestedProjects) = preSolution
		{B8989A41-4738-4774-85CD-4B66F2E774E9} = {36EE0F3C-C4CA-4CCF-ABA6-CE0BCD34FA25}
	EndGlobalSection
	GlobalSection(ExtensibilityGlobals) = postSolution
		SolutionGuid = {71342273-0EF7-4CEC-BCE8-F152FFFA608E}
	EndGlobalSection
EndGlobal
